
Microsoft Visual Studio Solution File, Format Version 12.00
# Visual Studio Version 17
VisualStudioVersion = 17.2.32526.322
MinimumVisualStudioVersion = 10.0.40219.1
Project("{9A19103F-16F7-4668-BE54-9A1E7A4F7556}") = "Demo_Project", "Demo_Project.csproj", "{DDA7E6AE-3530-430E-83DE-8B667599B302}"
EndProject
Project("{2150E333-8FDC-42A3-9474-1A3956D46DE8}") = "Solution Items", "Solution Items", "{A400DC9A-CAA2-41CC-AEEA-E9EF0D4F97A1}"
	ProjectSection(SolutionItems) = preProject
		.editorconfig = .editorconfig
	EndProjectSection
EndProject
Global
	GlobalSection(SolutionConfigurationPlatforms) = preSolution
		Debug|Any CPU = Debug|Any CPU
		Release|Any CPU = Release|Any CPU
	EndGlobalSection
	GlobalSection(ProjectConfigurationPlatforms) = postSolution
		{DDA7E6AE-3530-430E-83DE-8B667599B302}.Debug|Any CPU.ActiveCfg = Debug|Any CPU
		{DDA7E6AE-3530-430E-83DE-8B667599B302}.Debug|Any CPU.Build.0 = Debug|Any CPU
		{DDA7E6AE-3530-430E-83DE-8B667599B302}.Release|Any CPU.ActiveCfg = Release|Any CPU
		{DDA7E6AE-3530-430E-83DE-8B667599B302}.Release|Any CPU.Build.0 = Release|Any CPU
	EndGlobalSection
	GlobalSection(SolutionProperties) = preSolution
		HideSolutionNode = FALSE
	EndGlobalSection
	GlobalSection(ExtensibilityGlobals) = postSolution
		SolutionGuid = {E57B8E80-9C2A-4D0B-AC44-970D64172A82}
	EndGlobalSection
EndGlobal
